<?xml version="1.0" encoding="utf-8"?>
<Project ToolsVersion="4.0" xmlns="http://schemas.microsoft.com/developer/msbuild/2003">
  <ItemGroup>
    <Filter Include="Source Files">
      <UniqueIdentifier>{4FC737F1-C7A5-4376-A066-2A32D752A2FF}</UniqueIdentifier>
      <Extensions>cpp;c;cc;cxx;def;odl;idl;hpj;bat;asm;asmx</Extensions>
    </Filter>
    <Filter Include="Header Files">
      <UniqueIdentifier>{93995380-89BD-4b04-88EB-625FBE52EBFB}</UniqueIdentifier>
      <Extensions>h;hpp;hxx;hm;inl;inc;xsd</Extensions>
    </Filter>
    <Filter Include="Resource Files">
      <UniqueIdentifier>{67DA6AB6-F800-4c08-8B7A-83BB121AAD01}</UniqueIdentifier>
      <Extensions>rc;ico;cur;bmp;dlg;rc2;rct;bin;rgs;gif;jpg;jpeg;jpe;resx;tiff;tif;png;wav;mfcribbon-ms</Extensions>
    </Filter>
  </ItemGroup>
  <ItemGroup>
    <ClInclude Include="Exception\IndexNotFoundException.h">
      <Filter>Header Files</Filter>
    </ClInclude>
    <ClInclude Include="Parser\Parser.h">
      <Filter>Header Files</Filter>
    </ClInclude>
    <ClInclude Include="Parser\Token.h">
      <Filter>Header Files</Filter>
    </ClInclude>
    <ClInclude Include="Parser\Tokenizer.h">
      <Filter>Header Files</Filter>
    </ClInclude>
    <ClInclude Include="PKB\ConstTable.h">
      <Filter>Header Files</Filter>
    </ClInclude>
    <ClInclude Include="PKB\Follows.h">
      <Filter>Header Files</Filter>
    </ClInclude>
    <ClInclude Include="PKB\Modifies.h">
      <Filter>Header Files</Filter>
    </ClInclude>
    <ClInclude Include="PKB\Parent.h">
      <Filter>Header Files</Filter>
    </ClInclude>
    <ClInclude Include="PKB\StmtTypeTable.h">
      <Filter>Header Files</Filter>
    </ClInclude>
    <ClInclude Include="PKB\Uses.h">
      <Filter>Header Files</Filter>
    </ClInclude>
    <ClInclude Include="PKB\VarTable.h">
      <Filter>Header Files</Filter>
    </ClInclude>
    <ClInclude Include="Program\TNode\TNode.h">
      <Filter>Header Files</Filter>
    </ClInclude>
    <ClInclude Include="Program\Program.h">
      <Filter>Header Files</Filter>
    </ClInclude>
    <ClInclude Include="PKB\ProcTable.h">
      <Filter>Header Files</Filter>
    </ClInclude>
    <ClInclude Include="PKB\Calls.h">
      <Filter>Header Files</Filter>
    </ClInclude>
    <ClInclude Include="QueryProcessor\Grammar.h">
      <Filter>Header Files</Filter>
    </ClInclude>
    <ClInclude Include="QueryProcessor\PatternMatcher.h">
      <Filter>Header Files</Filter>
    </ClInclude>
    <ClInclude Include="QueryProcessor\QueryData.h">
      <Filter>Header Files</Filter>
    </ClInclude>
    <ClInclude Include="QueryProcessor\QueryEvaluator.h">
      <Filter>Header Files</Filter>
    </ClInclude>
    <ClInclude Include="QueryProcessor\QueryPreProcessor.h">
      <Filter>Header Files</Filter>
    </ClInclude>
    <ClInclude Include="QueryProcessor\QueryProcessor.h">
      <Filter>Header Files</Filter>
    </ClInclude>
    <ClInclude Include="QueryProcessor\RelTable.h">
      <Filter>Header Files</Filter>
    </ClInclude>
    <ClInclude Include="Parser\DesignExtractor.h">
      <Filter>Header Files</Filter>
    </ClInclude>
    <ClInclude Include="PKB\Next.h">
      <Filter>Header Files</Filter>
    </ClInclude>
    <ClInclude Include="QueryProcessor\IntermediateResult.h">
      <Filter>Header Files</Filter>
    </ClInclude>
  </ItemGroup>
  <ItemGroup>
    <ClCompile Include="Parser\Parser.cpp">
      <Filter>Source Files</Filter>
    </ClCompile>
    <ClCompile Include="Parser\Token.cpp">
      <Filter>Source Files</Filter>
    </ClCompile>
    <ClCompile Include="Parser\Tokenizer.cpp">
      <Filter>Source Files</Filter>
    </ClCompile>
    <ClCompile Include="PKB\ConstTable.cpp">
      <Filter>Source Files</Filter>
    </ClCompile>
    <ClCompile Include="PKB\Follows.cpp">
      <Filter>Source Files</Filter>
    </ClCompile>
    <ClCompile Include="PKB\Modifies.cpp">
      <Filter>Source Files</Filter>
    </ClCompile>
    <ClCompile Include="PKB\Parent.cpp">
      <Filter>Source Files</Filter>
    </ClCompile>
    <ClCompile Include="PKB\StmtTypeTable.cpp">
      <Filter>Source Files</Filter>
    </ClCompile>
    <ClCompile Include="PKB\Uses.cpp">
      <Filter>Source Files</Filter>
    </ClCompile>
    <ClCompile Include="PKB\VarTable.cpp">
      <Filter>Source Files</Filter>
    </ClCompile>
    <ClCompile Include="Program\TNode\TNode.cpp">
      <Filter>Source Files</Filter>
    </ClCompile>
    <ClCompile Include="Program\Program.cpp">
      <Filter>Source Files</Filter>
    </ClCompile>
    <ClCompile Include="PKB\ProcTable.cpp">
      <Filter>Source Files</Filter>
    </ClCompile>
    <ClCompile Include="PKB\Calls.cpp">
      <Filter>Source Files</Filter>
    </ClCompile>
    <ClCompile Include="QueryProcessor\PatternMatcher.cpp">
      <Filter>Source Files</Filter>
    </ClCompile>
    <ClCompile Include="QueryProcessor\QueryData.cpp">
      <Filter>Source Files</Filter>
    </ClCompile>
    <ClCompile Include="QueryProcessor\QueryEvaluator.cpp">
      <Filter>Source Files</Filter>
    </ClCompile>
    <ClCompile Include="QueryProcessor\QueryPreprocessor.cpp">
      <Filter>Source Files</Filter>
    </ClCompile>
    <ClCompile Include="QueryProcessor\QueryProcessor.cpp">
      <Filter>Source Files</Filter>
    </ClCompile>
    <ClCompile Include="QueryProcessor\RelTable.cpp">
      <Filter>Source Files</Filter>
    </ClCompile>
    <ClCompile Include="Parser\DesignExtractor.cpp">
      <Filter>Source Files</Filter>
    </ClCompile>
    <ClCompile Include="PKB\Next.cpp">
      <Filter>Source Files</Filter>
    </ClCompile>
    <ClCompile Include="QueryProcessor\IntermediateResult.cpp">
      <Filter>Source Files</Filter>
    </ClCompile>
  </ItemGroup>
  <ItemGroup>
    <None Include="sample_SIMPLE_source.txt" />
  </ItemGroup>
</Project>